{
  "name": "serverless-service-discovery",
  "version": "1.0.0",
  "lockfileVersion": 1,
  "requires": true,
  "dependencies": {
    "uuid": {
      "version": "https://registry.npmjs.org/uuid/-/uuid-2.0.3.tgz",
      "integrity": "sha1-Z+LoY3lyFVMN/zGOW/nc6/1Hsho="
    },
    "validator": {
      "version": "https://registry.npmjs.org/validator/-/validator-8.0.0.tgz",
      "integrity": "sha1-ANbsIwq10zU6sRdBYqlkYrlHvb0="
    }
  }
}
